{
  "name": "uniapp-Vue3Template",
  "version": "1.0.0",
  "lockfileVersion": 1,
  "requires": true,
  "dependencies": {
    "regenerator-runtime": {
      "version": "0.13.9",
      "resolved": "https://registry.npmjs.org/regenerator-runtime/-/regenerator-runtime-0.13.9.tgz",
      "integrity": "sha512-p3VT+cOEgxFsRRA9X4lkI1E+k2/CtnKtU4gcxyaCUreilL/vqI6CdZ3wxVUx3UOUg+gnUOQQcRI7BmSI656MYA=="
    },
    "uni-crazy-router": {
      "version": "1.0.4",
      "resolved": "https://registry.npmjs.org/uni-crazy-router/-/uni-crazy-router-1.0.4.tgz",
      "integrity": "sha512-NpVgUjfgeDRj4lwseUCDEj53x2DoENhbpkHooHlcegOo04agfvTSQptZYPLgNY0hPwDLWyBky0tXuPexX2tqBg=="
    },
    "uni-vite-plugin-h5-prod-effect": {
      "version": "1.0.1",
      "resolved": "https://registry.npmjs.org/uni-vite-plugin-h5-prod-effect/-/uni-vite-plugin-h5-prod-effect-1.0.1.tgz",
      "integrity": "sha512-Yqh77yolttd2QcJy4W5slMR98EXb4V7ql49uVrNr74NhyQwPQLl9lg+ML9DrFlg8ZL7zUYJmGoK5bBCY0bYtcg=="
    }
  }
}
